
Microsoft Visual Studio Solution File, Format Version 12.00
# Visual Studio Version 17
VisualStudioVersion = 17.9.34728.123
MinimumVisualStudioVersion = 10.0.40219.1
Project("{FAE04EC0-301F-11D3-BF4B-00C04F79EFBC}") = "AjaxNightProject", "AjaxNightProject.csproj", "{E112AECB-E755-4633-9570-586F8B241A48}"
EndProject
Global
	GlobalSection(SolutionConfigurationPlatforms) = preSolution
		Debug|Any CPU = Debug|Any CPU
		Release|Any CPU = Release|Any CPU
	EndGlobalSection
	GlobalSection(ProjectConfigurationPlatforms) = postSolution
		{E112AECB-E755-4633-9570-586F8B241A48}.Debug|Any CPU.ActiveCfg = Debug|Any CPU
		{E112AECB-E755-4633-9570-586F8B241A48}.Debug|Any CPU.Build.0 = Debug|Any CPU
		{E112AECB-E755-4633-9570-586F8B241A48}.Release|Any CPU.ActiveCfg = Release|Any CPU
		{E112AECB-E755-4633-9570-586F8B241A48}.Release|Any CPU.Build.0 = Release|Any CPU
	EndGlobalSection
	GlobalSection(SolutionProperties) = preSolution
		HideSolutionNode = FALSE
	EndGlobalSection
	GlobalSection(ExtensibilityGlobals) = postSolution
		SolutionGuid = {C9CDF2C2-D253-40FC-A279-777688F6C7A9}
	EndGlobalSection
EndGlobal
